
Microsoft Visual Studio Solution File, Format Version 12.00
# Visual Studio Version 16
VisualStudioVersion = 16.0.31515.178
MinimumVisualStudioVersion = 10.0.40219.1
Project("{8BC9CEB8-8B4A-11D0-8D11-00A0C91BC942}") = "Simple Steam Account Switcher", "Simple Steam Account Switcher\Simple Steam Account Switcher.vcxproj", "{79FCF620-7AB9-482F-8CC7-30E9D3043507}"
EndProject
Global
	GlobalSection(SolutionConfigurationPlatforms) = preSolution
		Debug|x64 = Debug|x64
		Debug|x86 = Debug|x86
		Release|x64 = Release|x64
		Release|x86 = Release|x86
	EndGlobalSection
	GlobalSection(ProjectConfigurationPlatforms) = postSolution
		{79FCF620-7AB9-482F-8CC7-30E9D3043507}.Debug|x64.ActiveCfg = Debug|x64
		{79FCF620-7AB9-482F-8CC7-30E9D3043507}.Debug|x64.Build.0 = Debug|x64
		{79FCF620-7AB9-482F-8CC7-30E9D3043507}.Debug|x86.ActiveCfg = Debug|Win32
		{79FCF620-7AB9-482F-8CC7-30E9D3043507}.Debug|x86.Build.0 = Debug|Win32
		{79FCF620-7AB9-482F-8CC7-30E9D3043507}.Release|x64.ActiveCfg = Release|x64
		{79FCF620-7AB9-482F-8CC7-30E9D3043507}.Release|x64.Build.0 = Release|x64
		{79FCF620-7AB9-482F-8CC7-30E9D3043507}.Release|x86.ActiveCfg = Release|Win32
		{79FCF620-7AB9-482F-8CC7-30E9D3043507}.Release|x86.Build.0 = Release|Win32
	EndGlobalSection
	GlobalSection(SolutionProperties) = preSolution
		HideSolutionNode = FALSE
	EndGlobalSection
	GlobalSection(ExtensibilityGlobals) = postSolution
		SolutionGuid = {64995D91-08EB-4B2F-8B42-7FD30B49A30A}
	EndGlobalSection
EndGlobal
